
Microsoft Visual Studio Solution File, Format Version 12.00
# Visual Studio 15
VisualStudioVersion = 15.0.26124.0
MinimumVisualStudioVersion = 15.0.26124.0
Project("{FAE04EC0-301F-11D3-BF4B-00C04F79EFBC}") = "API", "API\API.csproj", "{DD3A42F8-DE7C-4BFA-963E-0B02527E2E9D}"
EndProject
Project("{FAE04EC0-301F-11D3-BF4B-00C04F79EFBC}") = "Persistence", "Persistence\Persistence.csproj", "{2DD82FA7-1217-4164-B2D4-60E0222519ED}"
EndProject
Project("{FAE04EC0-301F-11D3-BF4B-00C04F79EFBC}") = "Domain", "Domain\Domain.csproj", "{2EC8457D-3F1C-4AEE-B736-42FC6C36B1C8}"
EndProject
Project("{FAE04EC0-301F-11D3-BF4B-00C04F79EFBC}") = "Application", "Application\Application.csproj", "{86562E33-0B6E-482C-A989-B8F836CEC50D}"
EndProject
Project("{FAE04EC0-301F-11D3-BF4B-00C04F79EFBC}") = "Infrastructure", "Infrastructure\Infrastructure.csproj", "{5188E39B-504D-4AE8-987B-B7B2DE087052}"
EndProject
Global
	GlobalSection(SolutionConfigurationPlatforms) = preSolution
		Debug|Any CPU = Debug|Any CPU
		Debug|x64 = Debug|x64
		Debug|x86 = Debug|x86
		Release|Any CPU = Release|Any CPU
		Release|x64 = Release|x64
		Release|x86 = Release|x86
	EndGlobalSection
	GlobalSection(SolutionProperties) = preSolution
		HideSolutionNode = FALSE
	EndGlobalSection
	GlobalSection(ProjectConfigurationPlatforms) = postSolution
		{DD3A42F8-DE7C-4BFA-963E-0B02527E2E9D}.Debug|Any CPU.ActiveCfg = Debug|Any CPU
		{DD3A42F8-DE7C-4BFA-963E-0B02527E2E9D}.Debug|Any CPU.Build.0 = Debug|Any CPU
		{DD3A42F8-DE7C-4BFA-963E-0B02527E2E9D}.Debug|x64.ActiveCfg = Debug|Any CPU
		{DD3A42F8-DE7C-4BFA-963E-0B02527E2E9D}.Debug|x64.Build.0 = Debug|Any CPU
		{DD3A42F8-DE7C-4BFA-963E-0B02527E2E9D}.Debug|x86.ActiveCfg = Debug|Any CPU
		{DD3A42F8-DE7C-4BFA-963E-0B02527E2E9D}.Debug|x86.Build.0 = Debug|Any CPU
		{DD3A42F8-DE7C-4BFA-963E-0B02527E2E9D}.Release|Any CPU.ActiveCfg = Release|Any CPU
		{DD3A42F8-DE7C-4BFA-963E-0B02527E2E9D}.Release|Any CPU.Build.0 = Release|Any CPU
		{DD3A42F8-DE7C-4BFA-963E-0B02527E2E9D}.Release|x64.ActiveCfg = Release|Any CPU
		{DD3A42F8-DE7C-4BFA-963E-0B02527E2E9D}.Release|x64.Build.0 = Release|Any CPU
		{DD3A42F8-DE7C-4BFA-963E-0B02527E2E9D}.Release|x86.ActiveCfg = Release|Any CPU
		{DD3A42F8-DE7C-4BFA-963E-0B02527E2E9D}.Release|x86.Build.0 = Release|Any CPU
		{2DD82FA7-1217-4164-B2D4-60E0222519ED}.Debug|Any CPU.ActiveCfg = Debug|Any CPU
		{2DD82FA7-1217-4164-B2D4-60E0222519ED}.Debug|Any CPU.Build.0 = Debug|Any CPU
		{2DD82FA7-1217-4164-B2D4-60E0222519ED}.Debug|x64.ActiveCfg = Debug|Any CPU
		{2DD82FA7-1217-4164-B2D4-60E0222519ED}.Debug|x64.Build.0 = Debug|Any CPU
		{2DD82FA7-1217-4164-B2D4-60E0222519ED}.Debug|x86.ActiveCfg = Debug|Any CPU
		{2DD82FA7-1217-4164-B2D4-60E0222519ED}.Debug|x86.Build.0 = Debug|Any CPU
		{2DD82FA7-1217-4164-B2D4-60E0222519ED}.Release|Any CPU.ActiveCfg = Release|Any CPU
		{2DD82FA7-1217-4164-B2D4-60E0222519ED}.Release|Any CPU.Build.0 = Release|Any CPU
		{2DD82FA7-1217-4164-B2D4-60E0222519ED}.Release|x64.ActiveCfg = Release|Any CPU
		{2DD82FA7-1217-4164-B2D4-60E0222519ED}.Release|x64.Build.0 = Release|Any CPU
		{2DD82FA7-1217-4164-B2D4-60E0222519ED}.Release|x86.ActiveCfg = Release|Any CPU
		{2DD82FA7-1217-4164-B2D4-60E0222519ED}.Release|x86.Build.0 = Release|Any CPU
		{2EC8457D-3F1C-4AEE-B736-42FC6C36B1C8}.Debug|Any CPU.ActiveCfg = Debug|Any CPU
		{2EC8457D-3F1C-4AEE-B736-42FC6C36B1C8}.Debug|Any CPU.Build.0 = Debug|Any CPU
		{2EC8457D-3F1C-4AEE-B736-42FC6C36B1C8}.Debug|x64.ActiveCfg = Debug|Any CPU
		{2EC8457D-3F1C-4AEE-B736-42FC6C36B1C8}.Debug|x64.Build.0 = Debug|Any CPU
		{2EC8457D-3F1C-4AEE-B736-42FC6C36B1C8}.Debug|x86.ActiveCfg = Debug|Any CPU
		{2EC8457D-3F1C-4AEE-B736-42FC6C36B1C8}.Debug|x86.Build.0 = Debug|Any CPU
		{2EC8457D-3F1C-4AEE-B736-42FC6C36B1C8}.Release|Any CPU.ActiveCfg = Release|Any CPU
		{2EC8457D-3F1C-4AEE-B736-42FC6C36B1C8}.Release|Any CPU.Build.0 = Release|Any CPU
		{2EC8457D-3F1C-4AEE-B736-42FC6C36B1C8}.Release|x64.ActiveCfg = Release|Any CPU
		{2EC8457D-3F1C-4AEE-B736-42FC6C36B1C8}.Release|x64.Build.0 = Release|Any CPU
		{2EC8457D-3F1C-4AEE-B736-42FC6C36B1C8}.Release|x86.ActiveCfg = Release|Any CPU
		{2EC8457D-3F1C-4AEE-B736-42FC6C36B1C8}.Release|x86.Build.0 = Release|Any CPU
		{86562E33-0B6E-482C-A989-B8F836CEC50D}.Debug|Any CPU.ActiveCfg = Debug|Any CPU
		{86562E33-0B6E-482C-A989-B8F836CEC50D}.Debug|Any CPU.Build.0 = Debug|Any CPU
		{86562E33-0B6E-482C-A989-B8F836CEC50D}.Debug|x64.ActiveCfg = Debug|Any CPU
		{86562E33-0B6E-482C-A989-B8F836CEC50D}.Debug|x64.Build.0 = Debug|Any CPU
		{86562E33-0B6E-482C-A989-B8F836CEC50D}.Debug|x86.ActiveCfg = Debug|Any CPU
		{86562E33-0B6E-482C-A989-B8F836CEC50D}.Debug|x86.Build.0 = Debug|Any CPU
		{86562E33-0B6E-482C-A989-B8F836CEC50D}.Release|Any CPU.ActiveCfg = Release|Any CPU
		{86562E33-0B6E-482C-A989-B8F836CEC50D}.Release|Any CPU.Build.0 = Release|Any CPU
		{86562E33-0B6E-482C-A989-B8F836CEC50D}.Release|x64.ActiveCfg = Release|Any CPU
		{86562E33-0B6E-482C-A989-B8F836CEC50D}.Release|x64.Build.0 = Release|Any CPU
		{86562E33-0B6E-482C-A989-B8F836CEC50D}.Release|x86.ActiveCfg = Release|Any CPU
		{86562E33-0B6E-482C-A989-B8F836CEC50D}.Release|x86.Build.0 = Release|Any CPU
		{5188E39B-504D-4AE8-987B-B7B2DE087052}.Debug|Any CPU.ActiveCfg = Debug|Any CPU
		{5188E39B-504D-4AE8-987B-B7B2DE087052}.Debug|Any CPU.Build.0 = Debug|Any CPU
		{5188E39B-504D-4AE8-987B-B7B2DE087052}.Debug|x64.ActiveCfg = Debug|Any CPU
		{5188E39B-504D-4AE8-987B-B7B2DE087052}.Debug|x64.Build.0 = Debug|Any CPU
		{5188E39B-504D-4AE8-987B-B7B2DE087052}.Debug|x86.ActiveCfg = Debug|Any CPU
		{5188E39B-504D-4AE8-987B-B7B2DE087052}.Debug|x86.Build.0 = Debug|Any CPU
		{5188E39B-504D-4AE8-987B-B7B2DE087052}.Release|Any CPU.ActiveCfg = Release|Any CPU
		{5188E39B-504D-4AE8-987B-B7B2DE087052}.Release|Any CPU.Build.0 = Release|Any CPU
		{5188E39B-504D-4AE8-987B-B7B2DE087052}.Release|x64.ActiveCfg = Release|Any CPU
		{5188E39B-504D-4AE8-987B-B7B2DE087052}.Release|x64.Build.0 = Release|Any CPU
		{5188E39B-504D-4AE8-987B-B7B2DE087052}.Release|x86.ActiveCfg = Release|Any CPU
		{5188E39B-504D-4AE8-987B-B7B2DE087052}.Release|x86.Build.0 = Release|Any CPU
	EndGlobalSection
EndGlobal
